
Microsoft Visual Studio Solution File, Format Version 11.00
# Visual Studio 2010
Project("{FAE04EC0-301F-11D3-BF4B-00C04F79EFBC}") = "(GOOGLE CARDBOARD NEEDED) NOURI MOHAMED  3IM 5", "Assembly-CSharp.csproj", "{1BDC5127-8C79-1CDF-1D70-106926CE5893}"
EndProject
Project("{FAE04EC0-301F-11D3-BF4B-00C04F79EFBC}") = "(GOOGLE CARDBOARD NEEDED) NOURI MOHAMED  3IM 5", "Assembly-CSharp-firstpass.csproj", "{2C831DB1-E879-5CD7-E9C0-720F5C980DD9}"
EndProject
Project("{FAE04EC0-301F-11D3-BF4B-00C04F79EFBC}") = "(GOOGLE CARDBOARD NEEDED) NOURI MOHAMED  3IM 5", "Assembly-CSharp-Editor.csproj", "{6E6E082A-C360-8B9E-BD66-CC7573FD663C}"
EndProject
Global
	GlobalSection(SolutionConfigurationPlatforms) = preSolution
		Debug|Any CPU = Debug|Any CPU
		Release|Any CPU = Release|Any CPU
	EndGlobalSection
	GlobalSection(ProjectConfigurationPlatforms) = postSolution
		{1BDC5127-8C79-1CDF-1D70-106926CE5893}.Debug|Any CPU.ActiveCfg = Debug|Any CPU
		{1BDC5127-8C79-1CDF-1D70-106926CE5893}.Debug|Any CPU.Build.0 = Debug|Any CPU
		{1BDC5127-8C79-1CDF-1D70-106926CE5893}.Release|Any CPU.ActiveCfg = Release|Any CPU
		{1BDC5127-8C79-1CDF-1D70-106926CE5893}.Release|Any CPU.Build.0 = Release|Any CPU
		{2C831DB1-E879-5CD7-E9C0-720F5C980DD9}.Debug|Any CPU.ActiveCfg = Debug|Any CPU
		{2C831DB1-E879-5CD7-E9C0-720F5C980DD9}.Debug|Any CPU.Build.0 = Debug|Any CPU
		{2C831DB1-E879-5CD7-E9C0-720F5C980DD9}.Release|Any CPU.ActiveCfg = Release|Any CPU
		{2C831DB1-E879-5CD7-E9C0-720F5C980DD9}.Release|Any CPU.Build.0 = Release|Any CPU
		{6E6E082A-C360-8B9E-BD66-CC7573FD663C}.Debug|Any CPU.ActiveCfg = Debug|Any CPU
		{6E6E082A-C360-8B9E-BD66-CC7573FD663C}.Debug|Any CPU.Build.0 = Debug|Any CPU
		{6E6E082A-C360-8B9E-BD66-CC7573FD663C}.Release|Any CPU.ActiveCfg = Release|Any CPU
		{6E6E082A-C360-8B9E-BD66-CC7573FD663C}.Release|Any CPU.Build.0 = Release|Any CPU
	EndGlobalSection
	GlobalSection(SolutionProperties) = preSolution
		HideSolutionNode = FALSE
	EndGlobalSection
	GlobalSection(MonoDevelopProperties) = preSolution
		StartupItem = Assembly-CSharp.csproj
	EndGlobalSection
EndGlobal
